
Microsoft Visual Studio Solution File, Format Version 12.00
# Visual Studio 15
VisualStudioVersion = 15.0.26730.16
MinimumVisualStudioVersion = 10.0.40219.1
Project("{9A19103F-16F7-4668-BE54-9A1E7A4F7556}") = "DemoXSL.api", "DemoXSL.api\DemoXSL.api.csproj", "{37BC315A-A102-467F-A5D4-7572056556E8}"
EndProject
Global
	GlobalSection(SolutionConfigurationPlatforms) = preSolution
		Debug|Any CPU = Debug|Any CPU
		Release|Any CPU = Release|Any CPU
	EndGlobalSection
	GlobalSection(ProjectConfigurationPlatforms) = postSolution
		{37BC315A-A102-467F-A5D4-7572056556E8}.Debug|Any CPU.ActiveCfg = Debug|Any CPU
		{37BC315A-A102-467F-A5D4-7572056556E8}.Debug|Any CPU.Build.0 = Debug|Any CPU
		{37BC315A-A102-467F-A5D4-7572056556E8}.Release|Any CPU.ActiveCfg = Release|Any CPU
		{37BC315A-A102-467F-A5D4-7572056556E8}.Release|Any CPU.Build.0 = Release|Any CPU
	EndGlobalSection
	GlobalSection(SolutionProperties) = preSolution
		HideSolutionNode = FALSE
	EndGlobalSection
	GlobalSection(ExtensibilityGlobals) = postSolution
		SolutionGuid = {C672D6C8-682C-4B80-A8DB-08F8975E2E47}
	EndGlobalSection
EndGlobal
